
Microsoft Visual Studio Solution File, Format Version 12.00
# Visual Studio Version 17
VisualStudioVersion = 17.5.33530.505
MinimumVisualStudioVersion = 10.0.40219.1
Project("{FAE04EC0-301F-11D3-BF4B-00C04F79EFBC}") = "LinkedListProblem", "LinkedListProblem\LinkedListProblem.csproj", "{AC9A39A4-9519-4004-8C40-423E00C7B3A5}"
EndProject
Global
	GlobalSection(SolutionConfigurationPlatforms) = preSolution
		Debug|Any CPU = Debug|Any CPU
		Release|Any CPU = Release|Any CPU
	EndGlobalSection
	GlobalSection(ProjectConfigurationPlatforms) = postSolution
		{AC9A39A4-9519-4004-8C40-423E00C7B3A5}.Debug|Any CPU.ActiveCfg = Debug|Any CPU
		{AC9A39A4-9519-4004-8C40-423E00C7B3A5}.Debug|Any CPU.Build.0 = Debug|Any CPU
		{AC9A39A4-9519-4004-8C40-423E00C7B3A5}.Release|Any CPU.ActiveCfg = Release|Any CPU
		{AC9A39A4-9519-4004-8C40-423E00C7B3A5}.Release|Any CPU.Build.0 = Release|Any CPU
	EndGlobalSection
	GlobalSection(SolutionProperties) = preSolution
		HideSolutionNode = FALSE
	EndGlobalSection
	GlobalSection(ExtensibilityGlobals) = postSolution
		SolutionGuid = {8CF7C129-E3DE-4173-B6E7-FB5F79472108}
	EndGlobalSection
EndGlobal
